
Microsoft Visual Studio Solution File, Format Version 12.00
# Visual Studio Version 16
VisualStudioVersion = 16.0.32602.291
MinimumVisualStudioVersion = 10.0.40219.1
Project("{8BC9CEB8-8B4A-11D0-8D11-00A0C91BC942}") = "Message generator", "Message generator\Message generator.vcxproj", "{6E20BE3D-7347-46D0-898D-A83D830EFF21}"
EndProject
Global
	GlobalSection(SolutionConfigurationPlatforms) = preSolution
		Debug|x64 = Debug|x64
		Debug|x86 = Debug|x86
		Release|x64 = Release|x64
		Release|x86 = Release|x86
	EndGlobalSection
	GlobalSection(ProjectConfigurationPlatforms) = postSolution
		{6E20BE3D-7347-46D0-898D-A83D830EFF21}.Debug|x64.ActiveCfg = Debug|x64
		{6E20BE3D-7347-46D0-898D-A83D830EFF21}.Debug|x64.Build.0 = Debug|x64
		{6E20BE3D-7347-46D0-898D-A83D830EFF21}.Debug|x86.ActiveCfg = Debug|Win32
		{6E20BE3D-7347-46D0-898D-A83D830EFF21}.Debug|x86.Build.0 = Debug|Win32
		{6E20BE3D-7347-46D0-898D-A83D830EFF21}.Release|x64.ActiveCfg = Release|x64
		{6E20BE3D-7347-46D0-898D-A83D830EFF21}.Release|x64.Build.0 = Release|x64
		{6E20BE3D-7347-46D0-898D-A83D830EFF21}.Release|x86.ActiveCfg = Release|Win32
		{6E20BE3D-7347-46D0-898D-A83D830EFF21}.Release|x86.Build.0 = Release|Win32
	EndGlobalSection
	GlobalSection(SolutionProperties) = preSolution
		HideSolutionNode = FALSE
	EndGlobalSection
	GlobalSection(ExtensibilityGlobals) = postSolution
		SolutionGuid = {5EFDFFA7-5A0B-4657-B0D0-39F8C7647D18}
	EndGlobalSection
EndGlobal
